
Microsoft Visual Studio Solution File, Format Version 12.00
# Visual Studio 15
VisualStudioVersion = 15.0.28307.572
MinimumVisualStudioVersion = 10.0.40219.1
Project("{FAE04EC0-301F-11D3-BF4B-00C04F79EFBC}") = "Globals", "Globals\Globals.csproj", "{70F6CC02-47C4-4B95-8EBF-68235F5CF19A}"
EndProject
Global
	GlobalSection(SolutionConfigurationPlatforms) = preSolution
		Debug|Any CPU = Debug|Any CPU
		Release|Any CPU = Release|Any CPU
	EndGlobalSection
	GlobalSection(ProjectConfigurationPlatforms) = postSolution
		{70F6CC02-47C4-4B95-8EBF-68235F5CF19A}.Debug|Any CPU.ActiveCfg = Debug|Any CPU
		{70F6CC02-47C4-4B95-8EBF-68235F5CF19A}.Debug|Any CPU.Build.0 = Debug|Any CPU
		{70F6CC02-47C4-4B95-8EBF-68235F5CF19A}.Release|Any CPU.ActiveCfg = Release|Any CPU
		{70F6CC02-47C4-4B95-8EBF-68235F5CF19A}.Release|Any CPU.Build.0 = Release|Any CPU
	EndGlobalSection
	GlobalSection(SolutionProperties) = preSolution
		HideSolutionNode = FALSE
	EndGlobalSection
	GlobalSection(ExtensibilityGlobals) = postSolution
		SolutionGuid = {AEF4FB5A-0E4D-4417-A67B-C55188C3E059}
	EndGlobalSection
EndGlobal
